<?xml version="1.0" encoding="utf-8"?>
<Project ToolsVersion="4.0" xmlns="http://schemas.microsoft.com/developer/msbuild/2003">
  <ItemGroup>
    <Filter Include="소스 파일">
      <UniqueIdentifier>{4FC737F1-C7A5-4376-A066-2A32D752A2FF}</UniqueIdentifier>
      <Extensions>cpp;c;cc;cxx;c++;cppm;ixx;def;odl;idl;hpj;bat;asm;asmx</Extensions>
    </Filter>
    <Filter Include="리소스 파일">
      <UniqueIdentifier>{67DA6AB6-F800-4c08-8B7A-83BB121AAD01}</UniqueIdentifier>
      <Extensions>rc;ico;cur;bmp;dlg;rc2;rct;bin;rgs;gif;jpg;jpeg;jpe;resx;tiff;tif;png;wav;mfcribbon-ms</Extensions>
    </Filter>
    <Filter Include="소스 파일\DP">
      <UniqueIdentifier>{556e2e2b-8f30-405e-8f80-38392b1121b4}</UniqueIdentifier>
    </Filter>
    <Filter Include="소스 파일\삼성 SW 역량 테스트 기출 문제">
      <UniqueIdentifier>{02c65bce-3da7-496f-9e35-1767882325da}</UniqueIdentifier>
    </Filter>
    <Filter Include="소스 파일\단기간 성장">
      <UniqueIdentifier>{ce79324d-0743-4b23-afd0-9c4801cb27e2}</UniqueIdentifier>
    </Filter>
    <Filter Include="소스 파일\헤더 파일">
      <UniqueIdentifier>{93995380-89BD-4b04-88EB-625FBE52EBFB}</UniqueIdentifier>
      <Extensions>h;hh;hpp;hxx;h++;hm;inl;inc;ipp;xsd</Extensions>
    </Filter>
    <Filter Include="소스 파일\맹주완이 보내준거">
      <UniqueIdentifier>{593482c1-ef1f-41cc-b765-6ac6ba39768a}</UniqueIdentifier>
    </Filter>
    <Filter Include="소스 파일\SWEA">
      <UniqueIdentifier>{92546fcb-351e-457c-ba8f-c8851ee63144}</UniqueIdentifier>
    </Filter>
  </ItemGroup>
  <ItemGroup>
    <ClCompile Include="상자넣기.cpp">
      <Filter>소스 파일\DP</Filter>
    </ClCompile>
    <ClCompile Include="평범한 배낭.cpp">
      <Filter>소스 파일\DP</Filter>
    </ClCompile>
    <ClCompile Include="동전2.cpp">
      <Filter>소스 파일\DP</Filter>
    </ClCompile>
    <ClCompile Include="내려가기.cpp">
      <Filter>소스 파일\DP</Filter>
    </ClCompile>
    <ClCompile Include="포도주 시식.cpp">
      <Filter>소스 파일\DP</Filter>
    </ClCompile>
    <ClCompile Include="다리 놓기.cpp">
      <Filter>소스 파일\DP</Filter>
    </ClCompile>
    <ClCompile Include="감시.cpp">
      <Filter>소스 파일\삼성 SW 역량 테스트 기출 문제</Filter>
    </ClCompile>
    <ClCompile Include="정수 삼각형.cpp">
      <Filter>소스 파일\DP</Filter>
    </ClCompile>
    <ClCompile Include="테트로미노.cpp">
      <Filter>소스 파일\삼성 SW 역량 테스트 기출 문제</Filter>
    </ClCompile>
    <ClCompile Include="연습.cpp">
      <Filter>소스 파일</Filter>
    </ClCompile>
    <ClCompile Include="가장 큰 증가 부분 수열.cpp">
      <Filter>소스 파일\DP</Filter>
    </ClCompile>
    <ClCompile Include="이항 계수 2.cpp">
      <Filter>소스 파일\DP</Filter>
    </ClCompile>
    <ClCompile Include="가장 긴 감소하는 부분 수열.cpp">
      <Filter>소스 파일\DP</Filter>
    </ClCompile>
    <ClCompile Include="이차원 배열과 연산.cpp">
      <Filter>소스 파일\삼성 SW 역량 테스트 기출 문제</Filter>
    </ClCompile>
    <ClCompile Include="돌 게임.cpp">
      <Filter>소스 파일\DP</Filter>
    </ClCompile>
    <ClCompile Include="연구소.cpp">
      <Filter>소스 파일\DP</Filter>
    </ClCompile>
    <ClCompile Include="아기 상어.cpp">
      <Filter>소스 파일\DP</Filter>
    </ClCompile>
    <ClCompile Include="컨베이어 벨트 위의 로봇.cpp">
      <Filter>소스 파일\삼성 SW 역량 테스트 기출 문제</Filter>
    </ClCompile>
    <ClCompile Include="신나는 함수 실행.cpp">
      <Filter>소스 파일\DP</Filter>
    </ClCompile>
    <ClCompile Include="앱.cpp">
      <Filter>소스 파일\DP</Filter>
    </ClCompile>
    <ClCompile Include="돌 게임 2.cpp">
      <Filter>소스 파일\DP</Filter>
    </ClCompile>
    <ClCompile Include="수열.cpp">
      <Filter>소스 파일\DP</Filter>
    </ClCompile>
    <ClCompile Include="기타리스트.cpp">
      <Filter>소스 파일\DP</Filter>
    </ClCompile>
    <ClCompile Include="원판 돌리기.cpp">
      <Filter>소스 파일\삼성 SW 역량 테스트 기출 문제</Filter>
    </ClCompile>
    <ClCompile Include="무한 수열.cpp">
      <Filter>소스 파일\DP</Filter>
    </ClCompile>
    <ClCompile Include="거스름돈.cpp">
      <Filter>소스 파일\DP</Filter>
    </ClCompile>
    <ClCompile Include="안녕.cpp">
      <Filter>소스 파일\DP</Filter>
    </ClCompile>
    <ClCompile Include="스타트와 링크.cpp">
      <Filter>소스 파일\삼성 SW 역량 테스트 기출 문제</Filter>
    </ClCompile>
    <ClCompile Include="로봇 조종하기.cpp">
      <Filter>소스 파일\DP</Filter>
    </ClCompile>
    <ClCompile Include="Maximum Subarray.cpp">
      <Filter>소스 파일\DP</Filter>
    </ClCompile>
    <ClCompile Include="피보나치 수의 확장.cpp">
      <Filter>소스 파일\DP</Filter>
    </ClCompile>
    <ClCompile Include="Generations of Tribbles.cpp">
      <Filter>소스 파일\DP</Filter>
    </ClCompile>
    <ClCompile Include="가장 긴 증가하는 부분 수열4.cpp">
      <Filter>소스 파일\DP</Filter>
    </ClCompile>
    <ClCompile Include="점화식.cpp">
      <Filter>소스 파일\DP</Filter>
    </ClCompile>
    <ClCompile Include="BABBA.cpp">
      <Filter>소스 파일\DP</Filter>
    </ClCompile>
    <ClCompile Include="점프 점프.cpp">
      <Filter>소스 파일\DP</Filter>
    </ClCompile>
    <ClCompile Include="타일 장식물.cpp">
      <Filter>소스 파일\DP</Filter>
    </ClCompile>
    <ClCompile Include="피보나치 비스무리한 수열.cpp">
      <Filter>소스 파일\DP</Filter>
    </ClCompile>
    <ClCompile Include="1로 만들기 2.cpp">
      <Filter>소스 파일\DP</Filter>
    </ClCompile>
    <ClCompile Include="피보나치는 지겨웡~.cpp">
      <Filter>소스 파일\DP</Filter>
    </ClCompile>
    <ClCompile Include="연속부분최대곱.cpp">
      <Filter>소스 파일\DP</Filter>
    </ClCompile>
    <ClCompile Include="알고리즘 수업 - 피보나치 수 1.cpp">
      <Filter>소스 파일\DP</Filter>
    </ClCompile>
    <ClCompile Include="뱀.cpp">
      <Filter>소스 파일\삼성 SW 역량 테스트 기출 문제</Filter>
    </ClCompile>
    <ClCompile Include="가운데를 말해요.cpp">
      <Filter>소스 파일\단기간 성장</Filter>
    </ClCompile>
    <ClCompile Include="CCW.cpp">
      <Filter>소스 파일\단기간 성장</Filter>
    </ClCompile>
    <ClCompile Include="다이나믹이 뭐예요.cpp">
      <Filter>소스 파일\DP</Filter>
    </ClCompile>
    <ClCompile Include="수강 과목.cpp">
      <Filter>소스 파일\DP</Filter>
    </ClCompile>
    <ClCompile Include="탑.cpp">
      <Filter>소스 파일\맹주완이 보내준거</Filter>
    </ClCompile>
    <ClCompile Include="좋다.cpp">
      <Filter>소스 파일\맹주완이 보내준거</Filter>
    </ClCompile>
    <ClCompile Include="임스와 함께하는 미니게임.cpp">
      <Filter>소스 파일\맹주완이 보내준거</Filter>
    </ClCompile>
    <ClCompile Include="회전 초밥.cpp">
      <Filter>소스 파일\맹주완이 보내준거</Filter>
    </ClCompile>
    <ClCompile Include="알파벳.cpp">
      <Filter>소스 파일\맹주완이 보내준거</Filter>
    </ClCompile>
    <ClCompile Include="1206.cpp">
      <Filter>소스 파일\SWEA</Filter>
    </ClCompile>
    <ClCompile Include="하늘에서 별똥별이 빗발친다.cpp">
      <Filter>소스 파일\맹주완이 보내준거</Filter>
    </ClCompile>
    <ClCompile Include="파티.cpp">
      <Filter>소스 파일\맹주완이 보내준거</Filter>
    </ClCompile>
    <ClCompile Include="용액.cpp">
      <Filter>소스 파일\맹주완이 보내준거</Filter>
    </ClCompile>
    <ClCompile Include="동전 분배.cpp">
      <Filter>소스 파일\맹주완이 보내준거</Filter>
    </ClCompile>
    <ClCompile Include="올림픽.cpp">
      <Filter>소스 파일\맹주완이 보내준거</Filter>
    </ClCompile>
    <ClCompile Include="집합.cpp">
      <Filter>소스 파일\맹주완이 보내준거</Filter>
    </ClCompile>
    <ClCompile Include="녹색 옷 입은 애가 젤다지.cpp">
      <Filter>소스 파일\맹주완이 보내준거</Filter>
    </ClCompile>
    <ClCompile Include="오아시스 재결합%28푸는 중%29.cpp">
      <Filter>소스 파일\맹주완이 보내준거</Filter>
    </ClCompile>
    <ClCompile Include="가희와 키워드.cpp">
      <Filter>소스 파일\맹주완이 보내준거</Filter>
    </ClCompile>
    <ClCompile Include="블로그.cpp">
      <Filter>소스 파일\맹주완이 보내준거</Filter>
    </ClCompile>
    <ClCompile Include="인구 이동.cpp">
      <Filter>소스 파일\맹주완이 보내준거</Filter>
    </ClCompile>
    <ClCompile Include="쉬운 최단거리.cpp">
      <Filter>소스 파일\맹주완이 보내준거</Filter>
    </ClCompile>
    <ClCompile Include="등수 구하기.cpp">
      <Filter>소스 파일\맹주완이 보내준거</Filter>
    </ClCompile>
    <ClCompile Include="빗물.cpp">
      <Filter>소스 파일\맹주완이 보내준거</Filter>
    </ClCompile>
    <ClCompile Include="택배 배송.cpp">
      <Filter>소스 파일\맹주완이 보내준거</Filter>
    </ClCompile>
    <ClCompile Include="영단어 암기는 괴로워.cpp">
      <Filter>소스 파일\맹주완이 보내준거</Filter>
    </ClCompile>
    <ClCompile Include="큰 놈, 작은 놈, 같은 놈.cpp">
      <Filter>소스 파일\삼성 SW 역량 테스트 기출 문제</Filter>
    </ClCompile>
    <ClCompile Include="간단한 369게임.cpp">
      <Filter>소스 파일\SWEA</Filter>
    </ClCompile>
    <ClCompile Include="겹치는 건 싫어.cpp">
      <Filter>소스 파일\맹주완이 보내준거</Filter>
    </ClCompile>
    <ClCompile Include="최소 힙.cpp">
      <Filter>소스 파일\맹주완이 보내준거</Filter>
    </ClCompile>
    <ClCompile Include="비밀번호 발음하기.cpp">
      <Filter>소스 파일\맹주완이 보내준거</Filter>
    </ClCompile>
    <ClCompile Include="삼각형과 세 변.cpp">
      <Filter>소스 파일\맹주완이 보내준거</Filter>
    </ClCompile>
  </ItemGroup>
</Project>